
Microsoft Visual Studio Solution File, Format Version 12.00
# Visual Studio 2012
Project("{FAE04EC0-301F-11D3-BF4B-00C04F79EFBC}") = "CheeseMVC", "CheeseMVC\CheeseMVC.csproj", "{A1F1C760-E678-4093-8419-2A185C3B62CE}"
EndProject
Global
	GlobalSection(SolutionConfigurationPlatforms) = preSolution
		Debug|Any CPU = Debug|Any CPU
		Release|Any CPU = Release|Any CPU
	EndGlobalSection
	GlobalSection(ProjectConfigurationPlatforms) = postSolution
		{A1F1C760-E678-4093-8419-2A185C3B62CE}.Debug|Any CPU.ActiveCfg = Debug|Any CPU
		{A1F1C760-E678-4093-8419-2A185C3B62CE}.Debug|Any CPU.Build.0 = Debug|Any CPU
		{A1F1C760-E678-4093-8419-2A185C3B62CE}.Release|Any CPU.ActiveCfg = Release|Any CPU
		{A1F1C760-E678-4093-8419-2A185C3B62CE}.Release|Any CPU.Build.0 = Release|Any CPU
	EndGlobalSection
EndGlobal
